// !$*UTF8*$!
{ archiveVersion = 1; classes = {}; objectVersion = 56; objects = {
SWF1 = {isa = PBXFileReference; lastKnownFileType = sourcecode.swift; path = SurveyWorkGeometry.swift; sourceTree = "<group>"; };
CAF1 = {isa = PBXFileReference; lastKnownFileType = sourcecode.swift; path = CeilingAutoFit.swift; sourceTree = "<group>"; };
CAA1 = {isa = PBXBuildFile; fileRef = CAF1; };
CAL1 = {isa = PBXBuildFile; fileRef = CAF1; };
MSF1 = {isa = PBXFileReference; lastKnownFileType = sourcecode.swift; path = MaquetteStyle.swift; sourceTree = "<group>"; };
MSA1 = {isa = PBXBuildFile; fileRef = MSF1; };
MSL1 = {isa = PBXBuildFile; fileRef = MSF1; };
SWF2 = {isa = PBXFileReference; lastKnownFileType = sourcecode.swift; path = SurveyWorkViews.swift; sourceTree = "<group>"; };
SCFT1 = {isa = PBXFileReference; lastKnownFileType = sourcecode.swift; path = SurveyCaptureTests.swift; sourceTree = "<group>"; };
SWA1 = {isa = PBXBuildFile; fileRef = SWF1; };
SWL1 = {isa = PBXBuildFile; fileRef = SWF1; };
SWVA1 = {isa = PBXBuildFile; fileRef = SWF2; };
SWVL1 = {isa = PBXBuildFile; fileRef = SWF2; };
SCT1 = {isa = PBXBuildFile; fileRef = SCFT1; };
SCF1 = {isa = PBXFileReference; lastKnownFileType = sourcecode.swift; path = SurveyCapture.swift; sourceTree = "<group>"; };
SCF2 = {isa = PBXFileReference; lastKnownFileType = sourcecode.swift; path = ScannerCampaignViews.swift; sourceTree = "<group>"; };
SCA1 = {isa = PBXBuildFile; fileRef = SCF1; };
SCL1 = {isa = PBXBuildFile; fileRef = SCF1; };
SCV1 = {isa = PBXBuildFile; fileRef = SCF2; };
SCV2 = {isa = PBXBuildFile; fileRef = SCF2; };
SVF1 = {isa = PBXFileReference; lastKnownFileType = sourcecode.swift; path = ProjectSurveyViews.swift; sourceTree = "<group>"; };
SVB1 = {isa = PBXBuildFile; fileRef = SVF1; };
SVB2 = {isa = PBXBuildFile; fileRef = SVF1; };
SVM1 = {isa = PBXBuildFile; fileRef = BB13; };
SVG1 = {isa = PBXBuildFile; fileRef = BB14; };
SVE1 = {isa = PBXBuildFile; fileRef = BB18; };
SVC1 = {isa = PBXBuildFile; fileRef = BB12; };
SVR1 = {isa = PBXBuildFile; fileRef = BB17; };
BF0 = {isa = PBXFileReference; lastKnownFileType = sourcecode.swift; path = BeforeAfterModels.swift; sourceTree = "<group>"; };
BA0 = {isa = PBXBuildFile; fileRef = BF0; };
BL0 = {isa = PBXBuildFile; fileRef = BF0; };
BF1 = {isa = PBXFileReference; lastKnownFileType = sourcecode.swift; path = BeforeAfterStorage.swift; sourceTree = "<group>"; };
BA1 = {isa = PBXBuildFile; fileRef = BF1; };
BL1 = {isa = PBXBuildFile; fileRef = BF1; };
BF2 = {isa = PBXFileReference; lastKnownFileType = sourcecode.swift; path = BeforeAfterImaging.swift; sourceTree = "<group>"; };
BA2 = {isa = PBXBuildFile; fileRef = BF2; };
BL2 = {isa = PBXBuildFile; fileRef = BF2; };
BF3 = {isa = PBXFileReference; lastKnownFileType = sourcecode.swift; path = BeforeAfterCamera.swift; sourceTree = "<group>"; };
BA3 = {isa = PBXBuildFile; fileRef = BF3; };
BL3 = {isa = PBXBuildFile; fileRef = BF3; };
BF4 = {isa = PBXFileReference; lastKnownFileType = sourcecode.swift; path = BeforeAfterServices.swift; sourceTree = "<group>"; };
BA4 = {isa = PBXBuildFile; fileRef = BF4; };
BL4 = {isa = PBXBuildFile; fileRef = BF4; };
BF5 = {isa = PBXFileReference; lastKnownFileType = sourcecode.swift; path = BeforeAfterViews.swift; sourceTree = "<group>"; };
BA5 = {isa = PBXBuildFile; fileRef = BF5; };
BL5 = {isa = PBXBuildFile; fileRef = BF5; };
BF9 = {isa = PBXFileReference; lastKnownFileType = sourcecode.swift; path = BeforeAfterTests.swift; sourceTree = "<group>"; };
BF6 = {isa = PBXFileReference; lastKnownFileType = sourcecode.swift; path = BeforeAfterStructuralGuide.swift; sourceTree = "<group>"; };
BA6 = {isa = PBXBuildFile; fileRef = BF6; };
BL6 = {isa = PBXBuildFile; fileRef = BF6; };
BF7 = {isa = PBXFileReference; lastKnownFileType = sourcecode.swift; path = BeforeAfterGuideApple.swift; sourceTree = "<group>"; };
BA7 = {isa = PBXBuildFile; fileRef = BF7; };
BL7 = {isa = PBXBuildFile; fileRef = BF7; };
BF8 = {isa = PBXFileReference; lastKnownFileType = file.mlmodel; path = GuideModels/StructuralContours.mlmodel; sourceTree = "<group>"; };
BA8 = {isa = PBXBuildFile; fileRef = BF8; };
BL8 = {isa = PBXBuildFile; fileRef = BF8; };
BF10 = {isa = PBXFileReference; lastKnownFileType = text; path = GuideModels/StructuralContours-LICENSE.txt; sourceTree = "<group>"; };
BA10 = {isa = PBXBuildFile; fileRef = BF10; };
BL10 = {isa = PBXBuildFile; fileRef = BF10; };
BT9 = {isa = PBXBuildFile; fileRef = BF9; };
AA01 = {isa = PBXBuildFile; fileRef = BB01; };
AA02 = {isa = PBXBuildFile; fileRef = BB02; };
AA03 = {isa = PBXBuildFile; fileRef = BB03; };
AA04 = {isa = PBXBuildFile; fileRef = BB05; };
AA05 = {isa = PBXBuildFile; fileRef = BB06; };
AA06 = {isa = PBXBuildFile; fileRef = BB07; };
AA07 = {isa = PBXBuildFile; fileRef = BB08; };
AA08 = {isa = PBXBuildFile; fileRef = BB10; };
AA09 = {isa = PBXBuildFile; fileRef = LB02; };
AA10 = {isa = PBXBuildFile; fileRef = LB03; };
AA11 = {isa = PBXBuildFile; fileRef = LB05; };
AA12 = {isa = PBXBuildFile; fileRef = LB06; };
AA13 = {isa = PBXBuildFile; fileRef = LB07; };
AA14 = {isa = PBXBuildFile; fileRef = LB08; };
AA15 = {isa = PBXBuildFile; fileRef = MB01; };
AA16 = {isa = PBXBuildFile; fileRef = MB02; };
AA17 = {isa = PBXBuildFile; fileRef = LB09; };
AA18 = {isa = PBXBuildFile; fileRef = LB10; };
AA19 = {isa = PBXBuildFile; fileRef = NL01; };
AA20 = {isa = PBXBuildFile; fileRef = NL02; };
AA21 = {isa = PBXBuildFile; fileRef = LB11; };
AA22 = {isa = PBXBuildFile; fileRef = BB11; };
AA23 = {isa = PBXBuildFile; fileRef = BB12; };
AA24 = {isa = PBXBuildFile; fileRef = BB13; };
AA25 = {isa = PBXBuildFile; fileRef = BB14; };
AA26 = {isa = PBXBuildFile; fileRef = BB15; };
AA27 = {isa = PBXBuildFile; fileRef = BB16; };
AA28 = {isa = PBXBuildFile; fileRef = BB17; };
AA29 = {isa = PBXBuildFile; fileRef = BB18; };
AM01 = {isa = PBXBuildFile; fileRef = BM01; };
AZ01 = {isa = PBXBuildFile; fileRef = BZ01; };
LA01 = {isa = PBXBuildFile; fileRef = LB01; };
LA02 = {isa = PBXBuildFile; fileRef = LB07; };
LA03 = {isa = PBXBuildFile; fileRef = LB08; };
LA04 = {isa = PBXBuildFile; fileRef = BB05; };
LA05 = {isa = PBXBuildFile; fileRef = LB09; };
LA06 = {isa = PBXBuildFile; fileRef = LB10; };
LA07 = {isa = PBXBuildFile; fileRef = LB02; };
LA08 = {isa = PBXBuildFile; fileRef = MB01; };
LA09 = {isa = PBXBuildFile; fileRef = LB05; };
LA10 = {isa = PBXBuildFile; fileRef = LB11; };
LA11 = {isa = PBXBuildFile; fileRef = BB03; };
LO01 = {isa = PBXBuildFile; fileRef = BO01; };
LO02 = {isa = PBXBuildFile; fileRef = BO02; };
LO03 = {isa = PBXBuildFile; fileRef = BO03; };
MO01 = {isa = PBXBuildFile; fileRef = BO01; };
MO02 = {isa = PBXBuildFile; fileRef = BO02; };
MO03 = {isa = PBXBuildFile; fileRef = BO03; };
TA01 = {isa = PBXBuildFile; fileRef = TB01; };
TA02 = {isa = PBXBuildFile; fileRef = TB02; };
TA03 = {isa = PBXBuildFile; fileRef = TB03; };
TA04 = {isa = PBXBuildFile; fileRef = TB04; };
TL01 = {isa = PBXBuildFile; fileRef = TB01; };
TL02 = {isa = PBXBuildFile; fileRef = TB02; };
TL03 = {isa = PBXBuildFile; fileRef = TB03; };
TL04 = {isa = PBXBuildFile; fileRef = TB04; };
TT01 = {isa = PBXBuildFile; fileRef = BT01; };
PA01 = {isa = PBXBuildFile; fileRef = PB01; };
PA02 = {isa = PBXBuildFile; fileRef = PB02; };
PA03 = {isa = PBXBuildFile; fileRef = PB03; };
PA04 = {isa = PBXBuildFile; fileRef = PB04; };
PA05 = {isa = PBXBuildFile; fileRef = PB05; };
PL01 = {isa = PBXBuildFile; fileRef = PB01; };
PL02 = {isa = PBXBuildFile; fileRef = PB02; };
PL03 = {isa = PBXBuildFile; fileRef = PB03; };
PL04 = {isa = PBXBuildFile; fileRef = PB04; };
PL05 = {isa = PBXBuildFile; fileRef = PB05; };
PT01 = {isa = PBXBuildFile; fileRef = PB06; };
PA07 = {isa = PBXBuildFile; fileRef = PB07; };
PL07 = {isa = PBXBuildFile; fileRef = PB07; };
PA08 = {isa = PBXBuildFile; fileRef = PB08; };
PL08 = {isa = PBXBuildFile; fileRef = PB08; };
PB07 = {isa = PBXFileReference; lastKnownFileType = sourcecode.swift; path = LayoutPolygonSolver.swift; sourceTree = "<group>"; };
PB08 = {isa = PBXFileReference; lastKnownFileType = sourcecode.swift; path = LayoutPolygonEditor.swift; sourceTree = "<group>"; };
PB09 = {isa = PBXFileReference; lastKnownFileType = sourcecode.swift; path = LayoutPlanning.swift; sourceTree = "<group>"; };
PA09 = {isa = PBXBuildFile; fileRef = PB09; };
PL09 = {isa = PBXBuildFile; fileRef = PB09; };
PB10 = {isa = PBXFileReference; lastKnownFileType = sourcecode.swift; path = LayoutPlanningForms.swift; sourceTree = "<group>"; };
PB11 = {isa = PBXFileReference; lastKnownFileType = sourcecode.swift; path = LayoutExportForm.swift; sourceTree = "<group>"; };
PA10 = {isa = PBXBuildFile; fileRef = PB10; };
PL10 = {isa = PBXBuildFile; fileRef = PB10; };
PA11 = {isa = PBXBuildFile; fileRef = PB11; };
PL11 = {isa = PBXBuildFile; fileRef = PB11; };
LS01 = {isa = PBXBuildFile; fileRef = BB02; };
LS02 = {isa = PBXBuildFile; fileRef = LB03; };
LS03 = {isa = PBXBuildFile; fileRef = LB06; };
LS04 = {isa = PBXBuildFile; fileRef = MB02; };
LS05 = {isa = PBXBuildFile; fileRef = NL01; };
LS06 = {isa = PBXBuildFile; fileRef = NL02; };
LS07 = {isa = PBXBuildFile; fileRef = BM01; };
LS08 = {isa = PBXBuildFile; fileRef = BZ01; };
LS09 = {isa = PBXBuildFile; fileRef = BB06; };
LS10 = {isa = PBXBuildFile; fileRef = BB07; };
LS11 = {isa = PBXBuildFile; fileRef = BB10; };
PB01 = {isa = PBXFileReference; lastKnownFileType = sourcecode.swift; path = LayoutGeometry.swift; sourceTree = "<group>"; };
PB02 = {isa = PBXFileReference; lastKnownFileType = sourcecode.swift; path = SheetLayoutEngine.swift; sourceTree = "<group>"; };
PB03 = {isa = PBXFileReference; lastKnownFileType = sourcecode.swift; path = LayoutEditorModel.swift; sourceTree = "<group>"; };
PB04 = {isa = PBXFileReference; lastKnownFileType = sourcecode.swift; path = LayoutForms.swift; sourceTree = "<group>"; };
PB05 = {isa = PBXFileReference; lastKnownFileType = sourcecode.swift; path = SheetLayoutView.swift; sourceTree = "<group>"; };
PB06 = {isa = PBXFileReference; lastKnownFileType = sourcecode.swift; path = SheetLayoutEngineTests.swift; sourceTree = "<group>"; };
BB01 = {isa = PBXFileReference; lastKnownFileType = sourcecode.swift; path = PlaquistoApp.swift; sourceTree = "<group>"; };
BB02 = {isa = PBXFileReference; lastKnownFileType = sourcecode.swift; path = CeilingConfiguratorView.swift; sourceTree = "<group>"; };
BB03 = {isa = PBXFileReference; lastKnownFileType = sourcecode.swift; path = CeilingReferenceService.swift; sourceTree = "<group>"; };
BB04 = {isa = PBXFileReference; explicitFileType = wrapper.application; includeInIndex = 0; path = Plaquisto.app; sourceTree = BUILT_PRODUCTS_DIR; };
BB05 = {isa = PBXFileReference; lastKnownFileType = sourcecode.swift; path = WorkModels.swift; sourceTree = "<group>"; };
CJ01 = {isa = PBXFileReference; lastKnownFileType = sourcecode.swift; path = ComponentAdjacency.swift; sourceTree = "<group>"; };
CJ02 = {isa = PBXBuildFile; fileRef = CJ01; };
CJ03 = {isa = PBXBuildFile; fileRef = CJ01; };
BB06 = {isa = PBXFileReference; lastKnownFileType = sourcecode.swift; path = ProjectStore.swift; sourceTree = "<group>"; };
BB07 = {isa = PBXFileReference; lastKnownFileType = sourcecode.swift; path = ProjectsView.swift; sourceTree = "<group>"; };
BB08 = {isa = PBXFileReference; lastKnownFileType = sourcecode.swift; path = ProjectStoreTests.swift; sourceTree = "<group>"; };
BB09 = {isa = PBXFileReference; explicitFileType = wrapper.cfbundle; includeInIndex = 0; path = PlaquistoTests.xctest; sourceTree = BUILT_PRODUCTS_DIR; };
BB10 = {isa = PBXFileReference; lastKnownFileType = sourcecode.swift; path = CombinedQuantityView.swift; sourceTree = "<group>"; };
BB11 = {isa = PBXFileReference; lastKnownFileType = sourcecode.swift; path = ScannerDebugView.swift; sourceTree = "<group>"; };
BB12 = {isa = PBXFileReference; lastKnownFileType = sourcecode.swift; path = ScannerCeilingReconstruction.swift; sourceTree = "<group>"; };
BB13 = {isa = PBXFileReference; lastKnownFileType = sourcecode.swift; path = PlaquistoRoomModel.swift; sourceTree = "<group>"; };
BB14 = {isa = PBXFileReference; lastKnownFileType = sourcecode.swift; path = PlaquistoWallGeometry.swift; sourceTree = "<group>"; };
BB15 = {isa = PBXFileReference; lastKnownFileType = sourcecode.swift; path = RoomPlanAdapter.swift; sourceTree = "<group>"; };
BB16 = {isa = PBXFileReference; lastKnownFileType = sourcecode.swift; path = RoomPlanScanner.swift; sourceTree = "<group>"; };
BB17 = {isa = PBXFileReference; lastKnownFileType = sourcecode.swift; path = ScannerRoomBridge.swift; sourceTree = "<group>"; };
BB18 = {isa = PBXFileReference; lastKnownFileType = sourcecode.swift; path = PlaquistoRoomEditor.swift; sourceTree = "<group>"; };
BM01 = {isa = PBXFileReference; lastKnownFileType = sourcecode.swift; path = ModularCeilingConfiguratorView.swift; sourceTree = "<group>"; };
LB01 = {isa = PBXFileReference; lastKnownFileType = sourcecode.swift; path = PlaquistoLabApp.swift; sourceTree = "<group>"; };
LB02 = {isa = PBXFileReference; lastKnownFileType = sourcecode.swift; path = DoublageReferenceService.swift; sourceTree = "<group>"; };
LB03 = {isa = PBXFileReference; lastKnownFileType = sourcecode.swift; path = DoublageConfiguratorView.swift; sourceTree = "<group>"; };
LB04 = {isa = PBXFileReference; explicitFileType = wrapper.application; includeInIndex = 0; path = "Plaquisto Lab.app"; sourceTree = BUILT_PRODUCTS_DIR; };
LB05 = {isa = PBXFileReference; lastKnownFileType = sourcecode.swift; path = CloisonDistributionReferenceStore.swift; sourceTree = "<group>"; };
LB06 = {isa = PBXFileReference; lastKnownFileType = sourcecode.swift; path = CloisonDistributionConfiguratorView.swift; sourceTree = "<group>"; };
LB07 = {isa = PBXFileReference; lastKnownFileType = sourcecode.swift; path = AlveolarPartitionReferenceStore.swift; sourceTree = "<group>"; };
LB08 = {isa = PBXFileReference; lastKnownFileType = sourcecode.swift; path = AlveolarPartitionConfiguratorView.swift; sourceTree = "<group>"; };
LB09 = {isa = PBXFileReference; lastKnownFileType = sourcecode.swift; path = FurringLiningReferenceStore.swift; sourceTree = "<group>"; };
LB10 = {isa = PBXFileReference; lastKnownFileType = sourcecode.swift; path = FurringLiningConfiguratorView.swift; sourceTree = "<group>"; };
LB11 = {isa = PBXFileReference; lastKnownFileType = sourcecode.swift; path = RailStudCeilingConfiguratorView.swift; sourceTree = "<group>"; };
MB01 = {isa = PBXFileReference; lastKnownFileType = sourcecode.swift; path = BondedLiningReferenceStore.swift; sourceTree = "<group>"; };
MB02 = {isa = PBXFileReference; lastKnownFileType = sourcecode.swift; path = BondedLiningConfiguratorView.swift; sourceTree = "<group>"; };
NL01 = {isa = PBXFileReference; lastKnownFileType = sourcecode.swift; path = AdhesiveFacingReferenceStore.swift; sourceTree = "<group>"; };
NL02 = {isa = PBXFileReference; lastKnownFileType = sourcecode.swift; path = AdhesiveFacingConfiguratorView.swift; sourceTree = "<group>"; };
BO01 = {isa = PBXFileReference; lastKnownFileType = sourcecode.swift; path = OpeningModels.swift; sourceTree = "<group>"; };
BO02 = {isa = PBXFileReference; lastKnownFileType = sourcecode.swift; path = OpeningQuantityCalculator.swift; sourceTree = "<group>"; };
BO03 = {isa = PBXFileReference; lastKnownFileType = sourcecode.swift; path = OpeningLabView.swift; sourceTree = "<group>"; };
TB01 = {isa = PBXFileReference; lastKnownFileType = sourcecode.swift; path = ToolModels.swift; sourceTree = "<group>"; };
TB02 = {isa = PBXFileReference; lastKnownFileType = sourcecode.swift; path = ToolTechnicalStore.swift; sourceTree = "<group>"; };
TB03 = {isa = PBXFileReference; lastKnownFileType = sourcecode.swift; path = ToolsHomeView.swift; sourceTree = "<group>"; };
TB04 = {isa = PBXFileReference; lastKnownFileType = sourcecode.swift; path = CalculatorToolsViews.swift; sourceTree = "<group>"; };
BT01 = {isa = PBXFileReference; lastKnownFileType = sourcecode.swift; path = ToolCalculatorTests.swift; sourceTree = "<group>"; };
TB05 = {isa = PBXFileReference; lastKnownFileType = sourcecode.swift; path = TechnicalToolsViews.swift; sourceTree = "<group>"; };
TA05 = {isa = PBXBuildFile; fileRef = TB05; };
TL05 = {isa = PBXBuildFile; fileRef = TB05; };
NKF1 = {isa = PBXFileReference; lastKnownFileType = sourcecode.swift; path = PlaquistoNumericField.swift; sourceTree = "<group>"; };
NKA1 = {isa = PBXBuildFile; fileRef = NKF1; };
NKL1 = {isa = PBXBuildFile; fileRef = NKF1; };
BZ01 = {isa = PBXFileReference; lastKnownFileType = sourcecode.swift; path = ZeroEmptyDecimalTextField.swift; sourceTree = "<group>"; };
CC01 = {isa = PBXFrameworksBuildPhase; buildActionMask = 2147483647; files = (); runOnlyForDeploymentPostprocessing = 0; };
		CC02 = {isa = PBXSourcesBuildPhase; buildActionMask = 2147483647; files = (CAA1,MSA1,SWA1,SWVA1,SCA1,SCV1,SVB1,NKA1,CJ02,BA6,BA7,BA8,BA0,BA1,BA2,BA3,BA4,BA5,AA01,AA02,AA03,AA04,AA05,AA06,AA08,AA09,AA10,AA11,AA12,AA13,AA14,AA15,AA16,AA17,AA18,AA19,AA20,AA21,AA22,AA23,AA24,AA25,AA26,AA27,AA28,AA29,AM01,AZ01,MO01,MO02,MO03,TA01,TA02,TA03,TA04,TA05,PA01,PA02,PA03,PA04,PA05,PA07,PA08,PA09,PA10,PA11); runOnlyForDeploymentPostprocessing = 0; };
CC03 = {isa = PBXResourcesBuildPhase; buildActionMask = 2147483647; files = (BA10); runOnlyForDeploymentPostprocessing = 0; };
CC04 = {isa = PBXSourcesBuildPhase; buildActionMask = 2147483647; files = (SCT1,BT9,AA07,TT01,PT01); runOnlyForDeploymentPostprocessing = 0; };
CC05 = {isa = PBXFrameworksBuildPhase; buildActionMask = 2147483647; files = (); runOnlyForDeploymentPostprocessing = 0; };
CC06 = {isa = PBXResourcesBuildPhase; buildActionMask = 2147483647; files = (); runOnlyForDeploymentPostprocessing = 0; };
LC01 = {isa = PBXFrameworksBuildPhase; buildActionMask = 2147483647; files = (); runOnlyForDeploymentPostprocessing = 0; };
LC02 = {isa = PBXSourcesBuildPhase; buildActionMask = 2147483647; files = (CAL1,MSL1,SCV2,SVC1,SVR1,SWL1,SWVL1,SCL1,SVB2,SVM1,SVG1,SVE1,NKL1,CJ03,BL6,BL7,BL8,BL0,BL1,BL2,BL3,BL4,BL5,LA01,TL01,TL02,TL03,TL04,TL05,PL01,PL02,PL03,PL04,PL05,PL07,PL08,PL09,PL10,PL11,LA02,LA03,LA04,LA05,LA06,LA07,LA08,LA09,LA10,LA11,LO01,LO02,LO03,LS01,LS02,LS03,LS04,LS05,LS06,LS07,LS08,LS09,LS10,LS11); runOnlyForDeploymentPostprocessing = 0; };
LC03 = {isa = PBXResourcesBuildPhase; buildActionMask = 2147483647; files = (BL10); runOnlyForDeploymentPostprocessing = 0; };
DD01 = {isa = PBXGroup; children = (DD02,SD01,LD01,DD04,DD03); sourceTree = "<group>"; };
DD02 = {isa = PBXGroup; children = (CAF1,MSF1,SWF1,SWF2,SCF1,SCF2,SVF1,BB01,BB06,BB07,BB10,BB11,BB12,BB13,BB14,BB15,BB16,BB17,BB18); path = Plaquisto; sourceTree = "<group>"; };
DD03 = {isa = PBXGroup; children = (BB04,LB04,BB09); name = Products; sourceTree = "<group>"; };
DD04 = {isa = PBXGroup; children = (SCFT1,BF9,BB08,BT01,PB06); path = PlaquistoTests; sourceTree = "<group>"; };
LD01 = {isa = PBXGroup; children = (LB01); path = PlaquistoLab; sourceTree = "<group>"; };
SD01 = {isa = PBXGroup; children = (SM01,SR01,SC01,ST01); path = PlaquistoCore; sourceTree = "<group>"; };
SM01 = {isa = PBXGroup; children = (BB05,CJ01); path = Models; sourceTree = "<group>"; };
SR01 = {isa = PBXGroup; children = (BB03,LB02,LB05,LB07,MB01,LB09,NL01); path = References; sourceTree = "<group>"; };
SC01 = {isa = PBXGroup; children = (NKF1,BZ01,SCE01,SMC01,SCD01,SCP01,SCA01,SCF01,SCAF01,SCRS01,SCO01,MB02); path = Configurators; sourceTree = "<group>"; };
SCE01 = {isa = PBXGroup; children = (BB02); path = Ceiling; sourceTree = "<group>"; };
SMC01 = {isa = PBXGroup; children = (BM01); path = ModularCeiling; sourceTree = "<group>"; };
SCD01 = {isa = PBXGroup; children = (LB03); path = Doublage; sourceTree = "<group>"; };
SCP01 = {isa = PBXGroup; children = (LB06); path = CloisonDistribution; sourceTree = "<group>"; };
SCA01 = {isa = PBXGroup; children = (LB08); path = Alveolar; sourceTree = "<group>"; };
SCF01 = {isa = PBXGroup; children = (LB10); path = FurringLining; sourceTree = "<group>"; };
SCAF01 = {isa = PBXGroup; children = (NL02); path = AdhesiveFacing; sourceTree = "<group>"; };
SCRS01 = {isa = PBXGroup; children = (LB11); path = RailStudCeiling; sourceTree = "<group>"; };
SCO01 = {isa = PBXGroup; children = (BO01,BO02,BO03); path = Openings; sourceTree = "<group>"; };
ST01 = {isa = PBXGroup; children = (BF6,BF7,BF8,BF10,BF0,BF1,BF2,BF3,BF4,BF5,TB01,TB02,TB03,TB04,TB05,PB01,PB02,PB03,PB04,PB05,PB07,PB08,PB09,PB10,PB11); path = Tools; sourceTree = "<group>"; };
EE01 = {isa = PBXNativeTarget; buildConfigurationList = GG02; buildPhases = (CC02,CC01,CC03); buildRules = (); dependencies = (); name = Plaquisto; productName = Plaquisto; productReference = BB04; productType = "com.apple.product-type.application"; };
EE02 = {isa = PBXNativeTarget; buildConfigurationList = GG03; buildPhases = (CC04,CC05,CC06); buildRules = (); dependencies = (II02); name = PlaquistoTests; productName = PlaquistoTests; productReference = BB09; productType = "com.apple.product-type.bundle.unit-test"; };
LE01 = {isa = PBXNativeTarget; buildConfigurationList = LG01; buildPhases = (LC02,LC01,LC03); buildRules = (); dependencies = (); name = PlaquistoLab; productName = "Plaquisto Lab"; productReference = LB04; productType = "com.apple.product-type.application"; };
FF01 = {isa = PBXProject; attributes = {BuildIndependentTargetsInParallel = 1; LastSwiftUpdateCheck = 2600; LastUpgradeCheck = 2600; TargetAttributes = {EE01 = {CreatedOnToolsVersion = 26.0;};EE02 = {CreatedOnToolsVersion = 26.0;TestTargetID = EE01;};LE01 = {CreatedOnToolsVersion = 26.0;};};}; buildConfigurationList = GG01; compatibilityVersion = "Xcode 14.0"; developmentRegion = fr; hasScannedForEncodings = 0; knownRegions = (fr,en,Base); mainGroup = DD01; productRefGroup = DD03; projectDirPath = ""; projectRoot = ""; targets = (EE01,LE01,EE02); };
GG01 = {isa = XCConfigurationList; buildConfigurations = (HH01,HH02); defaultConfigurationIsVisible = 0; defaultConfigurationName = Release; };
GG02 = {isa = XCConfigurationList; buildConfigurations = (HH03,HH04); defaultConfigurationIsVisible = 0; defaultConfigurationName = Release; };
GG03 = {isa = XCConfigurationList; buildConfigurations = (HH05,HH06); defaultConfigurationIsVisible = 0; defaultConfigurationName = Release; };
LG01 = {isa = XCConfigurationList; buildConfigurations = (LH01,LH02); defaultConfigurationIsVisible = 0; defaultConfigurationName = Release; };
HH01 = {isa = XCBuildConfiguration; buildSettings = {ALWAYS_SEARCH_USER_PATHS = NO; CLANG_ENABLE_MODULES = YES; CLANG_ENABLE_OBJC_ARC = YES; IPHONEOS_DEPLOYMENT_TARGET = 17.0; SDKROOT = iphoneos; SWIFT_VERSION = 5.0;}; name = Debug; };
HH02 = {isa = XCBuildConfiguration; buildSettings = {ALWAYS_SEARCH_USER_PATHS = NO; CLANG_ENABLE_MODULES = YES; CLANG_ENABLE_OBJC_ARC = YES; IPHONEOS_DEPLOYMENT_TARGET = 17.0; SDKROOT = iphoneos; SWIFT_COMPILATION_MODE = wholemodule; SWIFT_OPTIMIZATION_LEVEL = "-O"; SWIFT_VERSION = 5.0;}; name = Release; };
HH03 = {isa = XCBuildConfiguration; buildSettings = {CODE_SIGN_STYLE = Automatic; CURRENT_PROJECT_VERSION = 1; DEVELOPMENT_TEAM = ""; ENABLE_TESTABILITY = YES; GENERATE_INFOPLIST_FILE = YES; INFOPLIST_KEY_CFBundleDisplayName = Plaquisto; INFOPLIST_KEY_LSApplicationCategoryType = "public.app-category.productivity"; INFOPLIST_KEY_NSCameraUsageDescription = "Plaquisto utilise la caméra pour les relevés de pièces et les photos Avant / Après de chantier."; INFOPLIST_KEY_NSLocationWhenInUseUsageDescription = "Proposer l’adresse du projet à partir de la position relevée pendant le scan, uniquement avec votre accord."; INFOPLIST_KEY_NSPhotoLibraryAddUsageDescription = "Enregistrer votre comparatif Avant / Après dans Photos."; INFOPLIST_KEY_UILaunchScreen_Generation = YES; IPHONEOS_DEPLOYMENT_TARGET = 17.0; MARKETING_VERSION = 0.1; PRODUCT_BUNDLE_IDENTIFIER = fr.plaquisto.app; PRODUCT_NAME = "$(TARGET_NAME)"; SUPPORTED_PLATFORMS = "iphoneos iphonesimulator"; SWIFT_EMIT_LOC_STRINGS = YES; SWIFT_VERSION = 5.0; TARGETED_DEVICE_FAMILY = 1;}; name = Debug; };
HH04 = {isa = XCBuildConfiguration; buildSettings = {CODE_SIGN_STYLE = Automatic; CURRENT_PROJECT_VERSION = 1; DEVELOPMENT_TEAM = ""; GENERATE_INFOPLIST_FILE = YES; INFOPLIST_KEY_CFBundleDisplayName = Plaquisto; INFOPLIST_KEY_LSApplicationCategoryType = "public.app-category.productivity"; INFOPLIST_KEY_NSCameraUsageDescription = "Plaquisto utilise la caméra pour les relevés de pièces et les photos Avant / Après de chantier."; INFOPLIST_KEY_NSLocationWhenInUseUsageDescription = "Proposer l’adresse du projet à partir de la position relevée pendant le scan, uniquement avec votre accord."; INFOPLIST_KEY_NSPhotoLibraryAddUsageDescription = "Enregistrer votre comparatif Avant / Après dans Photos."; INFOPLIST_KEY_UILaunchScreen_Generation = YES; IPHONEOS_DEPLOYMENT_TARGET = 17.0; MARKETING_VERSION = 0.1; PRODUCT_BUNDLE_IDENTIFIER = fr.plaquisto.app; PRODUCT_NAME = "$(TARGET_NAME)"; SUPPORTED_PLATFORMS = "iphoneos iphonesimulator"; SWIFT_EMIT_LOC_STRINGS = YES; SWIFT_VERSION = 5.0; TARGETED_DEVICE_FAMILY = 1;}; name = Release; };
HH05 = {isa = XCBuildConfiguration; buildSettings = {BUNDLE_LOADER = "$(TEST_HOST)"; CODE_SIGN_STYLE = Automatic; GENERATE_INFOPLIST_FILE = YES; IPHONEOS_DEPLOYMENT_TARGET = 17.0; PRODUCT_BUNDLE_IDENTIFIER = fr.plaquisto.app.tests; PRODUCT_NAME = "$(TARGET_NAME)"; SUPPORTED_PLATFORMS = "iphoneos iphonesimulator"; SWIFT_VERSION = 5.0; TARGETED_DEVICE_FAMILY = 1; TEST_HOST = "$(BUILT_PRODUCTS_DIR)/Plaquisto.app/$(BUNDLE_EXECUTABLE_FOLDER_PATH)/Plaquisto";}; name = Debug; };
HH06 = {isa = XCBuildConfiguration; buildSettings = {BUNDLE_LOADER = "$(TEST_HOST)"; CODE_SIGN_STYLE = Automatic; GENERATE_INFOPLIST_FILE = YES; IPHONEOS_DEPLOYMENT_TARGET = 17.0; PRODUCT_BUNDLE_IDENTIFIER = fr.plaquisto.app.tests; PRODUCT_NAME = "$(TARGET_NAME)"; SUPPORTED_PLATFORMS = "iphoneos iphonesimulator"; SWIFT_VERSION = 5.0; TARGETED_DEVICE_FAMILY = 1; TEST_HOST = "$(BUILT_PRODUCTS_DIR)/Plaquisto.app/$(BUNDLE_EXECUTABLE_FOLDER_PATH)/Plaquisto";}; name = Release; };
LH01 = {isa = XCBuildConfiguration; buildSettings = {CODE_SIGN_STYLE = Automatic; CURRENT_PROJECT_VERSION = 1; DEVELOPMENT_TEAM = ""; ENABLE_TESTABILITY = YES; GENERATE_INFOPLIST_FILE = YES; INFOPLIST_KEY_NSCameraUsageDescription = "Photographier le chantier avec le cadrage guidé Avant / Après."; INFOPLIST_KEY_CFBundleDisplayName = "Plaquisto Lab"; INFOPLIST_KEY_LSApplicationCategoryType = "public.app-category.productivity"; INFOPLIST_KEY_NSLocationWhenInUseUsageDescription = "Proposer l’adresse du projet à partir de la position relevée pendant le scan, uniquement avec votre accord."; INFOPLIST_KEY_NSPhotoLibraryAddUsageDescription = "Enregistrer votre comparatif Avant / Après dans Photos."; INFOPLIST_KEY_UILaunchScreen_Generation = YES; IPHONEOS_DEPLOYMENT_TARGET = 17.0; MARKETING_VERSION = 0.1; PRODUCT_BUNDLE_IDENTIFIER = fr.plaquisto.lab; PRODUCT_NAME = "Plaquisto Lab"; SUPPORTED_PLATFORMS = "iphoneos iphonesimulator"; SWIFT_EMIT_LOC_STRINGS = YES; SWIFT_VERSION = 5.0; TARGETED_DEVICE_FAMILY = 1;}; name = Debug; };
LH02 = {isa = XCBuildConfiguration; buildSettings = {CODE_SIGN_STYLE = Automatic; CURRENT_PROJECT_VERSION = 1; DEVELOPMENT_TEAM = ""; GENERATE_INFOPLIST_FILE = YES; INFOPLIST_KEY_NSCameraUsageDescription = "Photographier le chantier avec le cadrage guidé Avant / Après."; INFOPLIST_KEY_CFBundleDisplayName = "Plaquisto Lab"; INFOPLIST_KEY_LSApplicationCategoryType = "public.app-category.productivity"; INFOPLIST_KEY_NSLocationWhenInUseUsageDescription = "Proposer l’adresse du projet à partir de la position relevée pendant le scan, uniquement avec votre accord."; INFOPLIST_KEY_NSPhotoLibraryAddUsageDescription = "Enregistrer votre comparatif Avant / Après dans Photos."; INFOPLIST_KEY_UILaunchScreen_Generation = YES; IPHONEOS_DEPLOYMENT_TARGET = 17.0; MARKETING_VERSION = 0.1; PRODUCT_BUNDLE_IDENTIFIER = fr.plaquisto.lab; PRODUCT_NAME = "Plaquisto Lab"; SUPPORTED_PLATFORMS = "iphoneos iphonesimulator"; SWIFT_EMIT_LOC_STRINGS = YES; SWIFT_VERSION = 5.0; TARGETED_DEVICE_FAMILY = 1;}; name = Release; };
II01 = {isa = PBXContainerItemProxy; containerPortal = FF01; proxyType = 1; remoteGlobalIDString = EE01; remoteInfo = Plaquisto; };
II02 = {isa = PBXTargetDependency; target = EE01; targetProxy = II01; };
}; rootObject = FF01; }
