// !$*UTF8*$!
{ archiveVersion = 1; classes = {}; objectVersion = 56; objects = {
AA01 = {isa = PBXBuildFile; fileRef = BB01; };
AA02 = {isa = PBXBuildFile; fileRef = BB02; };
AA03 = {isa = PBXBuildFile; fileRef = BB03; };
AA04 = {isa = PBXBuildFile; fileRef = BB05; };
AA05 = {isa = PBXBuildFile; fileRef = BB06; };
AA06 = {isa = PBXBuildFile; fileRef = BB07; };
AA07 = {isa = PBXBuildFile; fileRef = BB08; };
AA08 = {isa = PBXBuildFile; fileRef = BB10; };
AA09 = {isa = PBXBuildFile; fileRef = LB02; };
AA10 = {isa = PBXBuildFile; fileRef = LB03; };
AA11 = {isa = PBXBuildFile; fileRef = LB05; };
AA12 = {isa = PBXBuildFile; fileRef = LB06; };
LA01 = {isa = PBXBuildFile; fileRef = LB01; };
BB01 = {isa = PBXFileReference; lastKnownFileType = sourcecode.swift; path = PlaquistoApp.swift; sourceTree = "<group>"; };
BB02 = {isa = PBXFileReference; lastKnownFileType = sourcecode.swift; path = CeilingConfiguratorView.swift; sourceTree = "<group>"; };
BB03 = {isa = PBXFileReference; lastKnownFileType = sourcecode.swift; path = CeilingReferenceService.swift; sourceTree = "<group>"; };
BB04 = {isa = PBXFileReference; explicitFileType = wrapper.application; includeInIndex = 0; path = Plaquisto.app; sourceTree = BUILT_PRODUCTS_DIR; };
BB05 = {isa = PBXFileReference; lastKnownFileType = sourcecode.swift; path = WorkModels.swift; sourceTree = "<group>"; };
BB06 = {isa = PBXFileReference; lastKnownFileType = sourcecode.swift; path = ProjectStore.swift; sourceTree = "<group>"; };
BB07 = {isa = PBXFileReference; lastKnownFileType = sourcecode.swift; path = ProjectsView.swift; sourceTree = "<group>"; };
BB08 = {isa = PBXFileReference; lastKnownFileType = sourcecode.swift; path = ProjectStoreTests.swift; sourceTree = "<group>"; };
BB09 = {isa = PBXFileReference; explicitFileType = wrapper.cfbundle; includeInIndex = 0; path = PlaquistoTests.xctest; sourceTree = BUILT_PRODUCTS_DIR; };
BB10 = {isa = PBXFileReference; lastKnownFileType = sourcecode.swift; path = CombinedQuantityView.swift; sourceTree = "<group>"; };
LB01 = {isa = PBXFileReference; lastKnownFileType = sourcecode.swift; path = PlaquistoLabApp.swift; sourceTree = "<group>"; };
LB02 = {isa = PBXFileReference; lastKnownFileType = sourcecode.swift; path = DoublageReferenceService.swift; sourceTree = "<group>"; };
LB03 = {isa = PBXFileReference; lastKnownFileType = sourcecode.swift; path = DoublageConfiguratorView.swift; sourceTree = "<group>"; };
LB04 = {isa = PBXFileReference; explicitFileType = wrapper.application; includeInIndex = 0; path = "Plaquisto Lab.app"; sourceTree = BUILT_PRODUCTS_DIR; };
LB05 = {isa = PBXFileReference; lastKnownFileType = sourcecode.swift; path = CloisonDistributionReferenceStore.swift; sourceTree = "<group>"; };
LB06 = {isa = PBXFileReference; lastKnownFileType = sourcecode.swift; path = CloisonDistributionConfiguratorView.swift; sourceTree = "<group>"; };
CC01 = {isa = PBXFrameworksBuildPhase; buildActionMask = 2147483647; files = (); runOnlyForDeploymentPostprocessing = 0; };
CC02 = {isa = PBXSourcesBuildPhase; buildActionMask = 2147483647; files = (AA01,AA02,AA03,AA04,AA05,AA06,AA08,AA09,AA10,AA11,AA12); runOnlyForDeploymentPostprocessing = 0; };
CC03 = {isa = PBXResourcesBuildPhase; buildActionMask = 2147483647; files = (); runOnlyForDeploymentPostprocessing = 0; };
CC04 = {isa = PBXSourcesBuildPhase; buildActionMask = 2147483647; files = (AA07); runOnlyForDeploymentPostprocessing = 0; };
CC05 = {isa = PBXFrameworksBuildPhase; buildActionMask = 2147483647; files = (); runOnlyForDeploymentPostprocessing = 0; };
CC06 = {isa = PBXResourcesBuildPhase; buildActionMask = 2147483647; files = (); runOnlyForDeploymentPostprocessing = 0; };
LC01 = {isa = PBXFrameworksBuildPhase; buildActionMask = 2147483647; files = (); runOnlyForDeploymentPostprocessing = 0; };
LC02 = {isa = PBXSourcesBuildPhase; buildActionMask = 2147483647; files = (LA01); runOnlyForDeploymentPostprocessing = 0; };
LC03 = {isa = PBXResourcesBuildPhase; buildActionMask = 2147483647; files = (); runOnlyForDeploymentPostprocessing = 0; };
DD01 = {isa = PBXGroup; children = (DD02,SD01,LD01,DD04,DD03); sourceTree = "<group>"; };
DD02 = {isa = PBXGroup; children = (BB01,BB06,BB07,BB10); path = Plaquisto; sourceTree = "<group>"; };
DD03 = {isa = PBXGroup; children = (BB04,LB04,BB09); name = Products; sourceTree = "<group>"; };
DD04 = {isa = PBXGroup; children = (BB08); path = PlaquistoTests; sourceTree = "<group>"; };
LD01 = {isa = PBXGroup; children = (LB01); path = PlaquistoLab; sourceTree = "<group>"; };
SD01 = {isa = PBXGroup; children = (SM01,SR01,SC01); path = PlaquistoCore; sourceTree = "<group>"; };
SM01 = {isa = PBXGroup; children = (BB05); path = Models; sourceTree = "<group>"; };
SR01 = {isa = PBXGroup; children = (BB03,LB02,LB05); path = References; sourceTree = "<group>"; };
SC01 = {isa = PBXGroup; children = (SCE01,SCD01,SCP01); path = Configurators; sourceTree = "<group>"; };
SCE01 = {isa = PBXGroup; children = (BB02); path = Ceiling; sourceTree = "<group>"; };
SCD01 = {isa = PBXGroup; children = (LB03); path = Doublage; sourceTree = "<group>"; };
SCP01 = {isa = PBXGroup; children = (LB06); path = CloisonDistribution; sourceTree = "<group>"; };
EE01 = {isa = PBXNativeTarget; buildConfigurationList = GG02; buildPhases = (CC02,CC01,CC03); buildRules = (); dependencies = (); name = Plaquisto; productName = Plaquisto; productReference = BB04; productType = "com.apple.product-type.application"; };
EE02 = {isa = PBXNativeTarget; buildConfigurationList = GG03; buildPhases = (CC04,CC05,CC06); buildRules = (); dependencies = (II02); name = PlaquistoTests; productName = PlaquistoTests; productReference = BB09; productType = "com.apple.product-type.bundle.unit-test"; };
LE01 = {isa = PBXNativeTarget; buildConfigurationList = LG01; buildPhases = (LC02,LC01,LC03); buildRules = (); dependencies = (); name = PlaquistoLab; productName = "Plaquisto Lab"; productReference = LB04; productType = "com.apple.product-type.application"; };
FF01 = {isa = PBXProject; attributes = {BuildIndependentTargetsInParallel = 1; LastSwiftUpdateCheck = 2600; LastUpgradeCheck = 2600; TargetAttributes = {EE01 = {CreatedOnToolsVersion = 26.0;};EE02 = {CreatedOnToolsVersion = 26.0;TestTargetID = EE01;};LE01 = {CreatedOnToolsVersion = 26.0;};};}; buildConfigurationList = GG01; compatibilityVersion = "Xcode 14.0"; developmentRegion = fr; hasScannedForEncodings = 0; knownRegions = (fr,en,Base); mainGroup = DD01; productRefGroup = DD03; projectDirPath = ""; projectRoot = ""; targets = (EE01,LE01,EE02); };
GG01 = {isa = XCConfigurationList; buildConfigurations = (HH01,HH02); defaultConfigurationIsVisible = 0; defaultConfigurationName = Release; };
GG02 = {isa = XCConfigurationList; buildConfigurations = (HH03,HH04); defaultConfigurationIsVisible = 0; defaultConfigurationName = Release; };
GG03 = {isa = XCConfigurationList; buildConfigurations = (HH05,HH06); defaultConfigurationIsVisible = 0; defaultConfigurationName = Release; };
LG01 = {isa = XCConfigurationList; buildConfigurations = (LH01,LH02); defaultConfigurationIsVisible = 0; defaultConfigurationName = Release; };
HH01 = {isa = XCBuildConfiguration; buildSettings = {ALWAYS_SEARCH_USER_PATHS = NO; CLANG_ENABLE_MODULES = YES; CLANG_ENABLE_OBJC_ARC = YES; IPHONEOS_DEPLOYMENT_TARGET = 17.0; SDKROOT = iphoneos; SWIFT_VERSION = 5.0;}; name = Debug; };
HH02 = {isa = XCBuildConfiguration; buildSettings = {ALWAYS_SEARCH_USER_PATHS = NO; CLANG_ENABLE_MODULES = YES; CLANG_ENABLE_OBJC_ARC = YES; IPHONEOS_DEPLOYMENT_TARGET = 17.0; SDKROOT = iphoneos; SWIFT_COMPILATION_MODE = wholemodule; SWIFT_OPTIMIZATION_LEVEL = "-O"; SWIFT_VERSION = 5.0;}; name = Release; };
HH03 = {isa = XCBuildConfiguration; buildSettings = {CODE_SIGN_STYLE = Automatic; CURRENT_PROJECT_VERSION = 1; DEVELOPMENT_TEAM = ""; ENABLE_TESTABILITY = YES; GENERATE_INFOPLIST_FILE = YES; INFOPLIST_KEY_CFBundleDisplayName = Plaquisto; INFOPLIST_KEY_LSApplicationCategoryType = "public.app-category.productivity"; INFOPLIST_KEY_UILaunchScreen_Generation = YES; IPHONEOS_DEPLOYMENT_TARGET = 17.0; MARKETING_VERSION = 0.1; PRODUCT_BUNDLE_IDENTIFIER = fr.plaquisto.app; PRODUCT_NAME = "$(TARGET_NAME)"; SUPPORTED_PLATFORMS = "iphoneos iphonesimulator"; SWIFT_EMIT_LOC_STRINGS = YES; SWIFT_VERSION = 5.0; TARGETED_DEVICE_FAMILY = 1;}; name = Debug; };
HH04 = {isa = XCBuildConfiguration; buildSettings = {CODE_SIGN_STYLE = Automatic; CURRENT_PROJECT_VERSION = 1; DEVELOPMENT_TEAM = ""; GENERATE_INFOPLIST_FILE = YES; INFOPLIST_KEY_CFBundleDisplayName = Plaquisto; INFOPLIST_KEY_LSApplicationCategoryType = "public.app-category.productivity"; INFOPLIST_KEY_UILaunchScreen_Generation = YES; IPHONEOS_DEPLOYMENT_TARGET = 17.0; MARKETING_VERSION = 0.1; PRODUCT_BUNDLE_IDENTIFIER = fr.plaquisto.app; PRODUCT_NAME = "$(TARGET_NAME)"; SUPPORTED_PLATFORMS = "iphoneos iphonesimulator"; SWIFT_EMIT_LOC_STRINGS = YES; SWIFT_VERSION = 5.0; TARGETED_DEVICE_FAMILY = 1;}; name = Release; };
HH05 = {isa = XCBuildConfiguration; buildSettings = {BUNDLE_LOADER = "$(TEST_HOST)"; CODE_SIGN_STYLE = Automatic; GENERATE_INFOPLIST_FILE = YES; IPHONEOS_DEPLOYMENT_TARGET = 17.0; PRODUCT_BUNDLE_IDENTIFIER = fr.plaquisto.app.tests; PRODUCT_NAME = "$(TARGET_NAME)"; SUPPORTED_PLATFORMS = "iphoneos iphonesimulator"; SWIFT_VERSION = 5.0; TARGETED_DEVICE_FAMILY = 1; TEST_HOST = "$(BUILT_PRODUCTS_DIR)/Plaquisto.app/$(BUNDLE_EXECUTABLE_FOLDER_PATH)/Plaquisto";}; name = Debug; };
HH06 = {isa = XCBuildConfiguration; buildSettings = {BUNDLE_LOADER = "$(TEST_HOST)"; CODE_SIGN_STYLE = Automatic; GENERATE_INFOPLIST_FILE = YES; IPHONEOS_DEPLOYMENT_TARGET = 17.0; PRODUCT_BUNDLE_IDENTIFIER = fr.plaquisto.app.tests; PRODUCT_NAME = "$(TARGET_NAME)"; SUPPORTED_PLATFORMS = "iphoneos iphonesimulator"; SWIFT_VERSION = 5.0; TARGETED_DEVICE_FAMILY = 1; TEST_HOST = "$(BUILT_PRODUCTS_DIR)/Plaquisto.app/$(BUNDLE_EXECUTABLE_FOLDER_PATH)/Plaquisto";}; name = Release; };
LH01 = {isa = XCBuildConfiguration; buildSettings = {CODE_SIGN_STYLE = Automatic; CURRENT_PROJECT_VERSION = 1; DEVELOPMENT_TEAM = ""; ENABLE_TESTABILITY = YES; GENERATE_INFOPLIST_FILE = YES; INFOPLIST_KEY_CFBundleDisplayName = "Plaquisto Lab"; INFOPLIST_KEY_LSApplicationCategoryType = "public.app-category.productivity"; INFOPLIST_KEY_UILaunchScreen_Generation = YES; IPHONEOS_DEPLOYMENT_TARGET = 17.0; MARKETING_VERSION = 0.1; PRODUCT_BUNDLE_IDENTIFIER = fr.plaquisto.lab; PRODUCT_NAME = "Plaquisto Lab"; SUPPORTED_PLATFORMS = "iphoneos iphonesimulator"; SWIFT_EMIT_LOC_STRINGS = YES; SWIFT_VERSION = 5.0; TARGETED_DEVICE_FAMILY = 1;}; name = Debug; };
LH02 = {isa = XCBuildConfiguration; buildSettings = {CODE_SIGN_STYLE = Automatic; CURRENT_PROJECT_VERSION = 1; DEVELOPMENT_TEAM = ""; GENERATE_INFOPLIST_FILE = YES; INFOPLIST_KEY_CFBundleDisplayName = "Plaquisto Lab"; INFOPLIST_KEY_LSApplicationCategoryType = "public.app-category.productivity"; INFOPLIST_KEY_UILaunchScreen_Generation = YES; IPHONEOS_DEPLOYMENT_TARGET = 17.0; MARKETING_VERSION = 0.1; PRODUCT_BUNDLE_IDENTIFIER = fr.plaquisto.lab; PRODUCT_NAME = "Plaquisto Lab"; SUPPORTED_PLATFORMS = "iphoneos iphonesimulator"; SWIFT_EMIT_LOC_STRINGS = YES; SWIFT_VERSION = 5.0; TARGETED_DEVICE_FAMILY = 1;}; name = Release; };
II01 = {isa = PBXContainerItemProxy; containerPortal = FF01; proxyType = 1; remoteGlobalIDString = EE01; remoteInfo = Plaquisto; };
II02 = {isa = PBXTargetDependency; target = EE01; targetProxy = II01; };
}; rootObject = FF01; }
